
Microsoft Visual Studio Solution File, Format Version 12.00
# Visual Studio 15
VisualStudioVersion = 15.0.28010.2046
MinimumVisualStudioVersion = 10.0.40219.1
Project("{FAE04EC0-301F-11D3-BF4B-00C04F79EFBC}") = "QuanLySinhVien", "QuanLySinhVien\QuanLySinhVien.csproj", "{8C44B52C-6813-4221-A76C-16971C0BC164}"
EndProject
Global
	GlobalSection(SolutionConfigurationPlatforms) = preSolution
		Debug|Any CPU = Debug|Any CPU
		Release|Any CPU = Release|Any CPU
	EndGlobalSection
	GlobalSection(ProjectConfigurationPlatforms) = postSolution
		{8C44B52C-6813-4221-A76C-16971C0BC164}.Debug|Any CPU.ActiveCfg = Debug|Any CPU
		{8C44B52C-6813-4221-A76C-16971C0BC164}.Debug|Any CPU.Build.0 = Debug|Any CPU
		{8C44B52C-6813-4221-A76C-16971C0BC164}.Release|Any CPU.ActiveCfg = Release|Any CPU
		{8C44B52C-6813-4221-A76C-16971C0BC164}.Release|Any CPU.Build.0 = Release|Any CPU
	EndGlobalSection
	GlobalSection(SolutionProperties) = preSolution
		HideSolutionNode = FALSE
	EndGlobalSection
	GlobalSection(ExtensibilityGlobals) = postSolution
		SolutionGuid = {7799475B-9483-45AD-9EE9-BF68AD36442F}
	EndGlobalSection
EndGlobal
